
Microsoft Visual Studio Solution File, Format Version 12.00
# Visual Studio Version 17
VisualStudioVersion = 17.11.35312.102
MinimumVisualStudioVersion = 10.0.40219.1
Project("{FAE04EC0-301F-11D3-BF4B-00C04F79EFBC}") = "SharedLib", "SharedLib\SharedLib.csproj", "{7EE88CB8-6B0F-40A2-84F7-E79379B40400}"
EndProject
Global
	GlobalSection(SolutionConfigurationPlatforms) = preSolution
		Debug|Any CPU = Debug|Any CPU
		Release|Any CPU = Release|Any CPU
	EndGlobalSection
	GlobalSection(ProjectConfigurationPlatforms) = postSolution
		{7EE88CB8-6B0F-40A2-84F7-E79379B40400}.Debug|Any CPU.ActiveCfg = Debug|Any CPU
		{7EE88CB8-6B0F-40A2-84F7-E79379B40400}.Debug|Any CPU.Build.0 = Debug|Any CPU
		{7EE88CB8-6B0F-40A2-84F7-E79379B40400}.Release|Any CPU.ActiveCfg = Release|Any CPU
		{7EE88CB8-6B0F-40A2-84F7-E79379B40400}.Release|Any CPU.Build.0 = Release|Any CPU
	EndGlobalSection
	GlobalSection(SolutionProperties) = preSolution
		HideSolutionNode = FALSE
	EndGlobalSection
	GlobalSection(ExtensibilityGlobals) = postSolution
		SolutionGuid = {D95F7DD6-2E93-4FB9-99D0-82C5FCF6D505}
	EndGlobalSection
EndGlobal
